github.com/Dorico-Dynamics/txova-go-core v1.1.0 h1:qmpQ6Gabhkcs7pNlySs/Sw2bIQCSmBC3uoeqRx21geA=
github.com/Dorico-Dynamics/txova-go-core v1.1.0/go.mod h1:Rwqq+wnlM+AETcwuhqKGHJOh8ljJ8GOG2hTvWgPUQTM=
github.com/Dorico-Dynamics/txova-go-types v1.0.1 h1:bndgmVRQEuCma3A/35GEyc2lVNvnvecw3hdj191ZG4c=
github.com/Dorico-Dynamics/txova-go-types v1.0.1/go.mod h1:WkWIOXLkVwFu1wyLGm9U2R2dTECuTtEJTR8rIiA+dBw=
golang.org/x/crypto v0.47.0 h1:V6e3FRj+n4dbpw86FJ8Fv7XVOql7TEwpHapKoMJ/GO8=
golang.org/x/crypto v0.47.0/go.mod h1:ff3Y9VzzKbwSSEzWqJsJVBnWmRwRSHt/6Op5n9bQc4A=
golang.org/x/sys v0.40.0 h1:DBZZqJ2Rkml6QMQsZywtnjnnGvHza6BTfYFWY9kjEWQ=
golang.org/x/sys v0.40.0/go.mod h1:OgkHotnGiDImocRcuBABYBEXf8A9a87e/uXjp9XT3ks=
